// !$*UTF8*$!
{
	archiveVersion = 1;
	classes = {
	};
	objectVersion = 46;
	objects = {

/* Begin PBXBuildFile section */
		4603A85D1C5026EC00F2D26C /* main.c in Sources */ = {isa = PBXBuildFile; fileRef = 4603A85C1C5026EC00F2D26C /* main.c */; };
		4603A8731C5036C900F2D26C /* main.c in Sources */ = {isa = PBXBuildFile; fileRef = 4603A8721C5036C900F2D26C /* main.c */; };
		4603A8971C50392D00F2D26C /* pong.c in Sources */ = {isa = PBXBuildFile; fileRef = 4603A8951C50392D00F2D26C /* pong.c */; };
		462B42491C517F9F005889C7 /* server.c in Sources */ = {isa = PBXBuildFile; fileRef = 462B42471C517F9F005889C7 /* server.c */; };
		462B424C1C518080005889C7 /* pong.c in Sources */ = {isa = PBXBuildFile; fileRef = 462B424A1C518080005889C7 /* pong.c */; };
		462B424F1C5181A0005889C7 /* client.c in Sources */ = {isa = PBXBuildFile; fileRef = 462B424D1C5181A0005889C7 /* client.c */; };
/* End PBXBuildFile section */

/* Begin PBXCopyFilesBuildPhase section */
		4603A8571C5026EC00F2D26C /* CopyFiles */ = {
			isa = PBXCopyFilesBuildPhase;
			buildActionMask = 2147483647;
			dstPath = /usr/share/man/man1/;
			dstSubfolderSpec = 0;
			files = (
			);
			runOnlyForDeploymentPostprocessing = 1;
		};
		4603A86E1C5036C900F2D26C /* CopyFiles */ = {
			isa = PBXCopyFilesBuildPhase;
			buildActionMask = 2147483647;
			dstPath = /usr/share/man/man1/;
			dstSubfolderSpec = 0;
			files = (
			);
			runOnlyForDeploymentPostprocessing = 1;
		};
/* End PBXCopyFilesBuildPhase section */

/* Begin PBXFileReference section */
		4603A85C1C5026EC00F2D26C /* main.c */ = {isa = PBXFileReference; lastKnownFileType = sourcecode.c.c; path = main.c; sourceTree = "<group>"; };
		4603A8721C5036C900F2D26C /* main.c */ = {isa = PBXFileReference; lastKnownFileType = sourcecode.c.c; path = main.c; sourceTree = "<group>"; };
		4603A8951C50392D00F2D26C /* pong.c */ = {isa = PBXFileReference; fileEncoding = 4; lastKnownFileType = sourcecode.c.c; path = pong.c; sourceTree = "<group>"; };
		4603A8961C50392D00F2D26C /* pong.h */ = {isa = PBXFileReference; fileEncoding = 4; lastKnownFileType = sourcecode.c.h; path = pong.h; sourceTree = "<group>"; };
		462B42451C51720F005889C7 /* Multiplayer Pong */ = {isa = PBXFileReference; explicitFileType = "compiled.mach-o.executable"; includeInIndex = 0; path = "Multiplayer Pong"; sourceTree = BUILT_PRODUCTS_DIR; };
		462B42461C51720F005889C7 /* Server */ = {isa = PBXFileReference; explicitFileType = "compiled.mach-o.executable"; includeInIndex = 0; path = Server; sourceTree = BUILT_PRODUCTS_DIR; };
		462B42471C517F9F005889C7 /* server.c */ = {isa = PBXFileReference; fileEncoding = 4; lastKnownFileType = sourcecode.c.c; path = server.c; sourceTree = "<group>"; };
		462B42481C517F9F005889C7 /* server.h */ = {isa = PBXFileReference; fileEncoding = 4; lastKnownFileType = sourcecode.c.h; path = server.h; sourceTree = "<group>"; };
		462B424A1C518080005889C7 /* pong.c */ = {isa = PBXFileReference; fileEncoding = 4; lastKnownFileType = sourcecode.c.c; path = pong.c; sourceTree = "<group>"; };
		462B424B1C518080005889C7 /* pong.h */ = {isa = PBXFileReference; fileEncoding = 4; lastKnownFileType = sourcecode.c.h; path = pong.h; sourceTree = "<group>"; };
		462B424D1C5181A0005889C7 /* client.c */ = {isa = PBXFileReference; fileEncoding = 4; lastKnownFileType = sourcecode.c.c; path = client.c; sourceTree = "<group>"; };
		462B424E1C5181A0005889C7 /* client.h */ = {isa = PBXFileReference; fileEncoding = 4; lastKnownFileType = sourcecode.c.h; path = client.h; sourceTree = "<group>"; };
		883589B61C5291DB00F96EC8 /* GLUT.framework */ = {isa = PBXFileReference; lastKnownFileType = wrapper.framework; name = GLUT.framework; path = System/Library/Frameworks/GLUT.framework; sourceTree = SDKROOT; };
		883589B81C5291E500F96EC8 /* OpenGL.framework */ = {isa = PBXFileReference; lastKnownFileType = wrapper.framework; name = OpenGL.framework; path = System/Library/Frameworks/OpenGL.framework; sourceTree = SDKROOT; };
		88358A4D1C5352A100F96EC8 /* constants.h */ = {isa = PBXFileReference; fileEncoding = 4; lastKnownFileType = sourcecode.c.h; path = constants.h; sourceTree = "<group>"; };
/* End PBXFileReference section */

/* Begin PBXFrameworksBuildPhase section */
		4603A8561C5026EC00F2D26C /* Frameworks */ = {
			isa = PBXFrameworksBuildPhase;
			buildActionMask = 2147483647;
			files = (
			);
			runOnlyForDeploymentPostprocessing = 0;
		};
		4603A86D1C5036C900F2D26C /* Frameworks */ = {
			isa = PBXFrameworksBuildPhase;
			buildActionMask = 2147483647;
			files = (
			);
			runOnlyForDeploymentPostprocessing = 0;
		};
/* End PBXFrameworksBuildPhase section */

/* Begin PBXGroup section */
		4603A8501C5026EC00F2D26C = {
			isa = PBXGroup;
			children = (
				883589B81C5291E500F96EC8 /* OpenGL.framework */,
				883589B61C5291DB00F96EC8 /* GLUT.framework */,
				4603A85B1C5026EC00F2D26C /* Multiplayer Pong */,
				4603A8711C5036C900F2D26C /* Server */,
				462B42451C51720F005889C7 /* Multiplayer Pong */,
				462B42461C51720F005889C7 /* Server */,
			);
			sourceTree = "<group>";
		};
		4603A85B1C5026EC00F2D26C /* Multiplayer Pong */ = {
			isa = PBXGroup;
			children = (
				4603A85C1C5026EC00F2D26C /* main.c */,
				462B424D1C5181A0005889C7 /* client.c */,
				462B424E1C5181A0005889C7 /* client.h */,
				4603A8951C50392D00F2D26C /* pong.c */,
				4603A8961C50392D00F2D26C /* pong.h */,
			);
			path = "Multiplayer Pong";
			sourceTree = "<group>";
		};
		4603A8711C5036C900F2D26C /* Server */ = {
			isa = PBXGroup;
			children = (
				4603A8721C5036C900F2D26C /* main.c */,
				462B42471C517F9F005889C7 /* server.c */,
				462B42481C517F9F005889C7 /* server.h */,
				462B424A1C518080005889C7 /* pong.c */,
				462B424B1C518080005889C7 /* pong.h */,
				88358A4D1C5352A100F96EC8 /* constants.h */,
			);
			path = Server;
			sourceTree = "<group>";
		};
/* End PBXGroup section */

/* Begin PBXNativeTarget section */
		4603A8581C5026EC00F2D26C /* Multiplayer Pong */ = {
			isa = PBXNativeTarget;
			buildConfigurationList = 4603A8601C5026EC00F2D26C /* Build configuration list for PBXNativeTarget "Multiplayer Pong" */;
			buildPhases = (
				4603A8551C5026EC00F2D26C /* Sources */,
				4603A8561C5026EC00F2D26C /* Frameworks */,
				4603A8571C5026EC00F2D26C /* CopyFiles */,
			);
			buildRules = (
			);
			dependencies = (
			);
			name = "Multiplayer Pong";
			productName = "Multiplayer Pong";
			productReference = 462B42451C51720F005889C7 /* Multiplayer Pong */;
			productType = "com.apple.product-type.tool";
		};
		4603A86F1C5036C900F2D26C /* Server */ = {
			isa = PBXNativeTarget;
			buildConfigurationList = 4603A8741C5036C900F2D26C /* Build configuration list for PBXNativeTarget "Server" */;
			buildPhases = (
				4603A86C1C5036C900F2D26C /* Sources */,
				4603A86D1C5036C900F2D26C /* Frameworks */,
				4603A86E1C5036C900F2D26C /* CopyFiles */,
			);
			buildRules = (
			);
			dependencies = (
			);
			name = Server;
			productName = Server;
			productReference = 462B42461C51720F005889C7 /* Server */;
			productType = "com.apple.product-type.tool";
		};
/* End PBXNativeTarget section */

/* Begin PBXProject section */
		4603A8511C5026EC00F2D26C /* Project object */ = {
			isa = PBXProject;
			attributes = {
				LastUpgradeCheck = 0700;
				TargetAttributes = {
					4603A8581C5026EC00F2D26C = {
						CreatedOnToolsVersion = 7.0;
					};
					4603A86F1C5036C900F2D26C = {
						CreatedOnToolsVersion = 7.0;
					};
				};
			};
			buildConfigurationList = 4603A8541C5026EC00F2D26C /* Build configuration list for PBXProject "Multiplayer Pong" */;
			compatibilityVersion = "Xcode 3.2";
			developmentRegion = English;
			hasScannedForEncodings = 0;
			knownRegions = (
				en,
			);
			mainGroup = 4603A8501C5026EC00F2D26C;
			productRefGroup = 4603A8501C5026EC00F2D26C;
			projectDirPath = "";
			projectRoot = "";
			targets = (
				4603A8581C5026EC00F2D26C /* Multiplayer Pong */,
				4603A86F1C5036C900F2D26C /* Server */,
			);
		};
/* End PBXProject section */

/* Begin PBXSourcesBuildPhase section */
		4603A8551C5026EC00F2D26C /* Sources */ = {
			isa = PBXSourcesBuildPhase;
			buildActionMask = 2147483647;
			files = (
				4603A8971C50392D00F2D26C /* pong.c in Sources */,
				4603A85D1C5026EC00F2D26C /* main.c in Sources */,
				462B424F1C5181A0005889C7 /* client.c in Sources */,
			);
			runOnlyForDeploymentPostprocessing = 0;
		};
		4603A86C1C5036C900F2D26C /* Sources */ = {
			isa = PBXSourcesBuildPhase;
			buildActionMask = 2147483647;
			files = (
				462B424C1C518080005889C7 /* pong.c in Sources */,
				462B42491C517F9F005889C7 /* server.c in Sources */,
				4603A8731C5036C900F2D26C /* main.c in Sources */,
			);
			runOnlyForDeploymentPostprocessing = 0;
		};
/* End PBXSourcesBuildPhase section */

/* Begin XCBuildConfiguration section */
		4603A85E1C5026EC00F2D26C /* Debug */ = {
			isa = XCBuildConfiguration;
			buildSettings = {
				ALWAYS_SEARCH_USER_PATHS = NO;
				CLANG_CXX_LANGUAGE_STANDARD = "gnu++0x";
				CLANG_CXX_LIBRARY = "libc++";
				CLANG_ENABLE_MODULES = YES;
				CLANG_ENABLE_OBJC_ARC = YES;
				CLANG_WARN_BOOL_CONVERSION = YES;
				CLANG_WARN_CONSTANT_CONVERSION = YES;
				CLANG_WARN_DIRECT_OBJC_ISA_USAGE = YES_ERROR;
				CLANG_WARN_EMPTY_BODY = YES;
				CLANG_WARN_ENUM_CONVERSION = YES;
				CLANG_WARN_INT_CONVERSION = YES;
				CLANG_WARN_OBJC_ROOT_CLASS = YES_ERROR;
				CLANG_WARN_UNREACHABLE_CODE = YES;
				CLANG_WARN__DUPLICATE_METHOD_MATCH = YES;
				COPY_PHASE_STRIP = NO;
				DEBUG_INFORMATION_FORMAT = dwarf;
				ENABLE_STRICT_OBJC_MSGSEND = YES;
				ENABLE_TESTABILITY = YES;
				GCC_C_LANGUAGE_STANDARD = gnu99;
				GCC_DYNAMIC_NO_PIC = NO;
				GCC_NO_COMMON_BLOCKS = YES;
				GCC_OPTIMIZATION_LEVEL = 0;
				GCC_PREPROCESSOR_DEFINITIONS = (
					"DEBUG=1",
					"$(inherited)",
				);
				GCC_WARN_64_TO_32_BIT_CONVERSION = YES;
				GCC_WARN_ABOUT_RETURN_TYPE = YES_ERROR;
				GCC_WARN_UNDECLARED_SELECTOR = YES;
				GCC_WARN_UNINITIALIZED_AUTOS = YES_AGGRESSIVE;
				GCC_WARN_UNUSED_FUNCTION = YES;
				GCC_WARN_UNUSED_VARIABLE = YES;
				MACOSX_DEPLOYMENT_TARGET = 10.8;
				MTL_ENABLE_DEBUG_INFO = YES;
				ONLY_ACTIVE_ARCH = YES;
				SDKROOT = macosx;
			};
			name = Debug;
		};
		4603A85F1C5026EC00F2D26C /* Release */ = {
			isa = XCBuildConfiguration;
			buildSettings = {
				ALWAYS_SEARCH_USER_PATHS = NO;
				CLANG_CXX_LANGUAGE_STANDARD = "gnu++0x";
				CLANG_CXX_LIBRARY = "libc++";
				CLANG_ENABLE_MODULES = YES;
				CLANG_ENABLE_OBJC_ARC = YES;
				CLANG_WARN_BOOL_CONVERSION = YES;
				CLANG_WARN_CONSTANT_CONVERSION = YES;
				CLANG_WARN_DIRECT_OBJC_ISA_USAGE = YES_ERROR;
				CLANG_WARN_EMPTY_BODY = YES;
				CLANG_WARN_ENUM_CONVERSION = YES;
				CLANG_WARN_INT_CONVERSION = YES;
				CLANG_WARN_OBJC_ROOT_CLASS = YES_ERROR;
				CLANG_WARN_UNREACHABLE_CODE = YES;
				CLANG_WARN__DUPLICATE_METHOD_MATCH = YES;
				COPY_PHASE_STRIP = NO;
				DEBUG_INFORMATION_FORMAT = "dwarf-with-dsym";
				ENABLE_NS_ASSERTIONS = NO;
				ENABLE_STRICT_OBJC_MSGSEND = YES;
				GCC_C_LANGUAGE_STANDARD = gnu99;
				GCC_NO_COMMON_BLOCKS = YES;
				GCC_WARN_64_TO_32_BIT_CONVERSION = YES;
				GCC_WARN_ABOUT_RETURN_TYPE = YES_ERROR;
				GCC_WARN_UNDECLARED_SELECTOR = YES;
				GCC_WARN_UNINITIALIZED_AUTOS = YES_AGGRESSIVE;
				GCC_WARN_UNUSED_FUNCTION = YES;
				GCC_WARN_UNUSED_VARIABLE = YES;
				MACOSX_DEPLOYMENT_TARGET = 10.8;
				MTL_ENABLE_DEBUG_INFO = NO;
				SDKROOT = macosx;
			};
			name = Release;
		};
		4603A8611C5026EC00F2D26C /* Debug */ = {
			isa = XCBuildConfiguration;
			buildSettings = {
				GCC_WARN_ABOUT_DEPRECATED_FUNCTIONS = NO;
				PRODUCT_NAME = "$(TARGET_NAME)";
			};
			name = Debug;
		};
		4603A8621C5026EC00F2D26C /* Release */ = {
			isa = XCBuildConfiguration;
			buildSettings = {
				GCC_WARN_ABOUT_DEPRECATED_FUNCTIONS = NO;
				PRODUCT_NAME = "$(TARGET_NAME)";
			};
			name = Release;
		};
		4603A8751C5036C900F2D26C /* Debug */ = {
			isa = XCBuildConfiguration;
			buildSettings = {
				PRODUCT_NAME = "$(TARGET_NAME)";
			};
			name = Debug;
		};
		4603A8761C5036C900F2D26C /* Release */ = {
			isa = XCBuildConfiguration;
			buildSettings = {
				PRODUCT_NAME = "$(TARGET_NAME)";
			};
			name = Release;
		};
/* End XCBuildConfiguration section */

/* Begin XCConfigurationList section */
		4603A8541C5026EC00F2D26C /* Build configuration list for PBXProject "Multiplayer Pong" */ = {
			isa = XCConfigurationList;
			buildConfigurations = (
				4603A85E1C5026EC00F2D26C /* Debug */,
				4603A85F1C5026EC00F2D26C /* Release */,
			);
			defaultConfigurationIsVisible = 0;
			defaultConfigurationName = Release;
		};
		4603A8601C5026EC00F2D26C /* Build configuration list for PBXNativeTarget "Multiplayer Pong" */ = {
			isa = XCConfigurationList;
			buildConfigurations = (
				4603A8611C5026EC00F2D26C /* Debug */,
				4603A8621C5026EC00F2D26C /* Release */,
			);
			defaultConfigurationIsVisible = 0;
			defaultConfigurationName = Release;
		};
		4603A8741C5036C900F2D26C /* Build configuration list for PBXNativeTarget "Server" */ = {
			isa = XCConfigurationList;
			buildConfigurations = (
				4603A8751C5036C900F2D26C /* Debug */,
				4603A8761C5036C900F2D26C /* Release */,
			);
			defaultConfigurationIsVisible = 0;
			defaultConfigurationName = Release;
		};
/* End XCConfigurationList section */
	};
	rootObject = 4603A8511C5026EC00F2D26C /* Project object */;
}
